
Microsoft Visual Studio Solution File, Format Version 12.00
# Visual Studio 2015
Project("{FAE04EC0-301F-11D3-BF4B-00C04F79EFBC}") = "Pac-man.CSharp.Plugins", "Pac-man.CSharp.Plugins.csproj", "{36B22100-3E76-9A31-ED55-3DBEA1264EA5}"
EndProject
Project("{FAE04EC0-301F-11D3-BF4B-00C04F79EFBC}") = "Pac-man.CSharp", "Pac-man.CSharp.csproj", "{71FE25BF-EC02-B3A3-6321-0D99DBED0B28}"
EndProject
Project("{FAE04EC0-301F-11D3-BF4B-00C04F79EFBC}") = "Pac-man.CSharp.Editor", "Pac-man.CSharp.Editor.csproj", "{5406E4E4-23F3-F3BC-0281-E38D275B26C9}"
EndProject
Global
	GlobalSection(SolutionConfigurationPlatforms) = preSolution
		Debug|Any CPU = Debug|Any CPU
		Release|Any CPU = Release|Any CPU
	EndGlobalSection
	GlobalSection(ProjectConfigurationPlatforms) = postSolution
		{36B22100-3E76-9A31-ED55-3DBEA1264EA5}.Debug|Any CPU.ActiveCfg = Debug|Any CPU
		{36B22100-3E76-9A31-ED55-3DBEA1264EA5}.Debug|Any CPU.Build.0 = Debug|Any CPU
		{36B22100-3E76-9A31-ED55-3DBEA1264EA5}.Release|Any CPU.ActiveCfg = Release|Any CPU
		{36B22100-3E76-9A31-ED55-3DBEA1264EA5}.Release|Any CPU.Build.0 = Release|Any CPU
		{71FE25BF-EC02-B3A3-6321-0D99DBED0B28}.Debug|Any CPU.ActiveCfg = Debug|Any CPU
		{71FE25BF-EC02-B3A3-6321-0D99DBED0B28}.Debug|Any CPU.Build.0 = Debug|Any CPU
		{71FE25BF-EC02-B3A3-6321-0D99DBED0B28}.Release|Any CPU.ActiveCfg = Release|Any CPU
		{71FE25BF-EC02-B3A3-6321-0D99DBED0B28}.Release|Any CPU.Build.0 = Release|Any CPU
		{5406E4E4-23F3-F3BC-0281-E38D275B26C9}.Debug|Any CPU.ActiveCfg = Debug|Any CPU
		{5406E4E4-23F3-F3BC-0281-E38D275B26C9}.Debug|Any CPU.Build.0 = Debug|Any CPU
		{5406E4E4-23F3-F3BC-0281-E38D275B26C9}.Release|Any CPU.ActiveCfg = Release|Any CPU
		{5406E4E4-23F3-F3BC-0281-E38D275B26C9}.Release|Any CPU.Build.0 = Release|Any CPU
	EndGlobalSection
	GlobalSection(SolutionProperties) = preSolution
		HideSolutionNode = FALSE
	EndGlobalSection
EndGlobal
